
Microsoft Visual Studio Solution File, Format Version 12.00
# Visual Studio Version 16
VisualStudioVersion = 16.0.31205.134
MinimumVisualStudioVersion = 10.0.40219.1
Project("{9A19103F-16F7-4668-BE54-9A1E7A4F7556}") = "StudyGuide.API", "StudyGuide\StudyGuide.API.csproj", "{500F0341-FB13-48F9-9D09-3A92D38A75B7}"
EndProject
Project("{2150E333-8FDC-42A3-9474-1A3956D46DE8}") = "App", "App", "{9BBED474-1467-4BFB-A97A-161BBF967DE2}"
EndProject
Project("{2150E333-8FDC-42A3-9474-1A3956D46DE8}") = "Domain", "Domain", "{0092E2DB-F5EE-4AED-B76E-E7DA5A26D892}"
EndProject
Project("{9A19103F-16F7-4668-BE54-9A1E7A4F7556}") = "StudyGuide.Model", "StudyGuide.Model\StudyGuide.Model.csproj", "{93D76881-6D28-4DBB-A37A-02BFAD2ADFA0}"
EndProject
Project("{2150E333-8FDC-42A3-9474-1A3956D46DE8}") = "BusinessRules", "BusinessRules", "{1B8A8FD2-EE59-4FFD-A9BC-162C56E3084B}"
EndProject
Project("{9A19103F-16F7-4668-BE54-9A1E7A4F7556}") = "StudyGuide.Services", "StudyGuide.Services\StudyGuide.Services.csproj", "{33B08805-3BB7-4D63-BC12-743810628A9F}"
EndProject
Project("{2150E333-8FDC-42A3-9474-1A3956D46DE8}") = "CrossCutting", "CrossCutting", "{C78B5AA4-5BAE-4F3E-907E-D0293E74B04D}"
EndProject
Project("{9A19103F-16F7-4668-BE54-9A1E7A4F7556}") = "StudyGuide.Extensions", "StudyGuide.Extensions\StudyGuide.Extensions.csproj", "{8EDE45BF-0194-42E8-92BE-3F297439658E}"
EndProject
Project("{9A19103F-16F7-4668-BE54-9A1E7A4F7556}") = "StudyGuide.Initializer", "StudyGuide.Initializer\StudyGuide.Initializer.csproj", "{F4492BDB-FCBC-4992-8092-C33171551BA2}"
EndProject
Project("{2150E333-8FDC-42A3-9474-1A3956D46DE8}") = "Infrastruct", "Infrastruct", "{5B2DE4D2-BA6A-4FBE-AF60-B1C355B85472}"
EndProject
Project("{9A19103F-16F7-4668-BE54-9A1E7A4F7556}") = "StudyGuide.Infra.Data", "StudyGuide.Infra.Data\StudyGuide.Infra.Data.csproj", "{5A33C95D-E9A5-40A9-AF61-FED752618A76}"
EndProject
Project("{9A19103F-16F7-4668-BE54-9A1E7A4F7556}") = "StudyGuide.Infra.Repositories", "StudyGuide.Infra.Repositories\StudyGuide.Infra.Repositories.csproj", "{378141CC-9FC3-4B00-A8BB-64A7E07EF036}"
EndProject
Project("{9A19103F-16F7-4668-BE54-9A1E7A4F7556}") = "StudyGuide.DTO", "StudyGuide.DTO\StudyGuide.DTO.csproj", "{13ACBF70-3732-4F46-97C0-CCBA2B0698BB}"
EndProject
Project("{9A19103F-16F7-4668-BE54-9A1E7A4F7556}") = "StudyGuide.MappingDTO", "StudyGuide.MappingDTO\StudyGuide.MappingDTO.csproj", "{3F69F074-8BB9-403A-BBDF-509D9DDF1F28}"
EndProject
Project("{FAE04EC0-301F-11D3-BF4B-00C04F79EFBC}") = "StudyGuide.Cryptographic", "StudyGuide.Cryptographic\StudyGuide.Cryptographic.csproj", "{19161A45-05DE-4FF2-BC2C-0773F2534F5D}"
EndProject
Global
	GlobalSection(SolutionConfigurationPlatforms) = preSolution
		Debug|Any CPU = Debug|Any CPU
		Release|Any CPU = Release|Any CPU
	EndGlobalSection
	GlobalSection(ProjectConfigurationPlatforms) = postSolution
		{500F0341-FB13-48F9-9D09-3A92D38A75B7}.Debug|Any CPU.ActiveCfg = Debug|Any CPU
		{500F0341-FB13-48F9-9D09-3A92D38A75B7}.Debug|Any CPU.Build.0 = Debug|Any CPU
		{500F0341-FB13-48F9-9D09-3A92D38A75B7}.Release|Any CPU.ActiveCfg = Release|Any CPU
		{500F0341-FB13-48F9-9D09-3A92D38A75B7}.Release|Any CPU.Build.0 = Release|Any CPU
		{93D76881-6D28-4DBB-A37A-02BFAD2ADFA0}.Debug|Any CPU.ActiveCfg = Debug|Any CPU
		{93D76881-6D28-4DBB-A37A-02BFAD2ADFA0}.Debug|Any CPU.Build.0 = Debug|Any CPU
		{93D76881-6D28-4DBB-A37A-02BFAD2ADFA0}.Release|Any CPU.ActiveCfg = Release|Any CPU
		{93D76881-6D28-4DBB-A37A-02BFAD2ADFA0}.Release|Any CPU.Build.0 = Release|Any CPU
		{33B08805-3BB7-4D63-BC12-743810628A9F}.Debug|Any CPU.ActiveCfg = Debug|Any CPU
		{33B08805-3BB7-4D63-BC12-743810628A9F}.Debug|Any CPU.Build.0 = Debug|Any CPU
		{33B08805-3BB7-4D63-BC12-743810628A9F}.Release|Any CPU.ActiveCfg = Release|Any CPU
		{33B08805-3BB7-4D63-BC12-743810628A9F}.Release|Any CPU.Build.0 = Release|Any CPU
		{8EDE45BF-0194-42E8-92BE-3F297439658E}.Debug|Any CPU.ActiveCfg = Debug|Any CPU
		{8EDE45BF-0194-42E8-92BE-3F297439658E}.Debug|Any CPU.Build.0 = Debug|Any CPU
		{8EDE45BF-0194-42E8-92BE-3F297439658E}.Release|Any CPU.ActiveCfg = Release|Any CPU
		{8EDE45BF-0194-42E8-92BE-3F297439658E}.Release|Any CPU.Build.0 = Release|Any CPU
		{F4492BDB-FCBC-4992-8092-C33171551BA2}.Debug|Any CPU.ActiveCfg = Debug|Any CPU
		{F4492BDB-FCBC-4992-8092-C33171551BA2}.Debug|Any CPU.Build.0 = Debug|Any CPU
		{F4492BDB-FCBC-4992-8092-C33171551BA2}.Release|Any CPU.ActiveCfg = Release|Any CPU
		{F4492BDB-FCBC-4992-8092-C33171551BA2}.Release|Any CPU.Build.0 = Release|Any CPU
		{5A33C95D-E9A5-40A9-AF61-FED752618A76}.Debug|Any CPU.ActiveCfg = Debug|Any CPU
		{5A33C95D-E9A5-40A9-AF61-FED752618A76}.Debug|Any CPU.Build.0 = Debug|Any CPU
		{5A33C95D-E9A5-40A9-AF61-FED752618A76}.Release|Any CPU.ActiveCfg = Release|Any CPU
		{5A33C95D-E9A5-40A9-AF61-FED752618A76}.Release|Any CPU.Build.0 = Release|Any CPU
		{378141CC-9FC3-4B00-A8BB-64A7E07EF036}.Debug|Any CPU.ActiveCfg = Debug|Any CPU
		{378141CC-9FC3-4B00-A8BB-64A7E07EF036}.Debug|Any CPU.Build.0 = Debug|Any CPU
		{378141CC-9FC3-4B00-A8BB-64A7E07EF036}.Release|Any CPU.ActiveCfg = Release|Any CPU
		{378141CC-9FC3-4B00-A8BB-64A7E07EF036}.Release|Any CPU.Build.0 = Release|Any CPU
		{13ACBF70-3732-4F46-97C0-CCBA2B0698BB}.Debug|Any CPU.ActiveCfg = Debug|Any CPU
		{13ACBF70-3732-4F46-97C0-CCBA2B0698BB}.Debug|Any CPU.Build.0 = Debug|Any CPU
		{13ACBF70-3732-4F46-97C0-CCBA2B0698BB}.Release|Any CPU.ActiveCfg = Release|Any CPU
		{13ACBF70-3732-4F46-97C0-CCBA2B0698BB}.Release|Any CPU.Build.0 = Release|Any CPU
		{3F69F074-8BB9-403A-BBDF-509D9DDF1F28}.Debug|Any CPU.ActiveCfg = Debug|Any CPU
		{3F69F074-8BB9-403A-BBDF-509D9DDF1F28}.Debug|Any CPU.Build.0 = Debug|Any CPU
		{3F69F074-8BB9-403A-BBDF-509D9DDF1F28}.Release|Any CPU.ActiveCfg = Release|Any CPU
		{3F69F074-8BB9-403A-BBDF-509D9DDF1F28}.Release|Any CPU.Build.0 = Release|Any CPU
		{19161A45-05DE-4FF2-BC2C-0773F2534F5D}.Debug|Any CPU.ActiveCfg = Debug|Any CPU
		{19161A45-05DE-4FF2-BC2C-0773F2534F5D}.Debug|Any CPU.Build.0 = Debug|Any CPU
		{19161A45-05DE-4FF2-BC2C-0773F2534F5D}.Release|Any CPU.ActiveCfg = Release|Any CPU
		{19161A45-05DE-4FF2-BC2C-0773F2534F5D}.Release|Any CPU.Build.0 = Release|Any CPU
	EndGlobalSection
	GlobalSection(SolutionProperties) = preSolution
		HideSolutionNode = FALSE
	EndGlobalSection
	GlobalSection(NestedProjects) = preSolution
		{500F0341-FB13-48F9-9D09-3A92D38A75B7} = {9BBED474-1467-4BFB-A97A-161BBF967DE2}
		{93D76881-6D28-4DBB-A37A-02BFAD2ADFA0} = {0092E2DB-F5EE-4AED-B76E-E7DA5A26D892}
		{33B08805-3BB7-4D63-BC12-743810628A9F} = {1B8A8FD2-EE59-4FFD-A9BC-162C56E3084B}
		{8EDE45BF-0194-42E8-92BE-3F297439658E} = {C78B5AA4-5BAE-4F3E-907E-D0293E74B04D}
		{F4492BDB-FCBC-4992-8092-C33171551BA2} = {C78B5AA4-5BAE-4F3E-907E-D0293E74B04D}
		{5A33C95D-E9A5-40A9-AF61-FED752618A76} = {5B2DE4D2-BA6A-4FBE-AF60-B1C355B85472}
		{378141CC-9FC3-4B00-A8BB-64A7E07EF036} = {5B2DE4D2-BA6A-4FBE-AF60-B1C355B85472}
		{13ACBF70-3732-4F46-97C0-CCBA2B0698BB} = {0092E2DB-F5EE-4AED-B76E-E7DA5A26D892}
		{3F69F074-8BB9-403A-BBDF-509D9DDF1F28} = {0092E2DB-F5EE-4AED-B76E-E7DA5A26D892}
		{19161A45-05DE-4FF2-BC2C-0773F2534F5D} = {C78B5AA4-5BAE-4F3E-907E-D0293E74B04D}
	EndGlobalSection
	GlobalSection(ExtensibilityGlobals) = postSolution
		SolutionGuid = {C9B40302-97EF-42E7-A362-2BE034D4B08D}
	EndGlobalSection
EndGlobal
